
Microsoft Visual Studio Solution File, Format Version 12.00
# Visual Studio 15
VisualStudioVersion = 15.0.28307.329
MinimumVisualStudioVersion = 10.0.40219.1
Project("{2150E333-8FDC-42A3-9474-1A3956D46DE8}") = "Docs", "Docs", "{BA0D64F2-8858-492F-9324-0826A97C21D8}"
EndProject
Project("{2150E333-8FDC-42A3-9474-1A3956D46DE8}") = "Src", "Src", "{09576A29-CC3A-46A3-8C66-BD510DE661AC}"
EndProject
Project("{2150E333-8FDC-42A3-9474-1A3956D46DE8}") = "Tests", "Tests", "{75FE23BB-46B3-41BF-8FAD-28017092A8FC}"
EndProject
Project("{2150E333-8FDC-42A3-9474-1A3956D46DE8}") = "Core", "Core", "{8FECDBB3-B3C7-4503-86EC-5DE57C27F192}"
EndProject
Project("{9A19103F-16F7-4668-BE54-9A1E7A4F7556}") = "MyEstate.Application", "MyEstate.Application\MyEstate.Application.csproj", "{EB5585EE-5D05-497A-8561-01263F9796B3}"
EndProject
Project("{9A19103F-16F7-4668-BE54-9A1E7A4F7556}") = "MyEstate.Domain", "MyEstate.Domain\MyEstate.Domain.csproj", "{16DAE53B-F032-431B-A9F7-D4D23DBAE10C}"
EndProject
Project("{9A19103F-16F7-4668-BE54-9A1E7A4F7556}") = "MyEstate.Domain.Tests", "MyEstate.Domain.Tests\MyEstate.Domain.Tests.csproj", "{E503477A-576C-4E58-9C47-7FB7784CCD27}"
EndProject
Project("{9A19103F-16F7-4668-BE54-9A1E7A4F7556}") = "MyEstate.Application.Tests", "MyEstate.Application.Tests\MyEstate.Application.Tests.csproj", "{D85F0C17-716F-4232-89D9-05FFBB7615ED}"
EndProject
Project("{9A19103F-16F7-4668-BE54-9A1E7A4F7556}") = "MyEstate.API", "MyEstate.API\MyEstate.API.csproj", "{0571506D-9EFF-4E16-B1C7-3D35B9DE01B8}"
EndProject
Project("{2150E333-8FDC-42A3-9474-1A3956D46DE8}") = "Infrastructure", "Infrastructure", "{34A77C9B-A2C6-467A-A849-CC63A72DC577}"
EndProject
Project("{9A19103F-16F7-4668-BE54-9A1E7A4F7556}") = "MyEstate.Infrastructure", "MyEstate.Infrastructure\MyEstate.Infrastructure.csproj", "{EE5D4759-C207-474D-A8B2-9EA41D3B283A}"
EndProject
Project("{9A19103F-16F7-4668-BE54-9A1E7A4F7556}") = "Persistence", "Persistence\Persistence.csproj", "{7CB1F2B6-FB6E-4764-AD0D-DBBB55C70E5C}"
EndProject
Project("{2150E333-8FDC-42A3-9474-1A3956D46DE8}") = "Presentation", "Presentation", "{12C025D8-6737-4B40-AC01-2FABBA198A9B}"
EndProject
Project("{FAE04EC0-301F-11D3-BF4B-00C04F79EFBC}") = "MyEstate.WebUI", "MyEstate.WebUI\MyEstate.WebUI.csproj", "{CEABE240-1718-42AC-9A23-52ED1542339F}"
EndProject
Global
	GlobalSection(SolutionConfigurationPlatforms) = preSolution
		Debug|Any CPU = Debug|Any CPU
		Release|Any CPU = Release|Any CPU
	EndGlobalSection
	GlobalSection(ProjectConfigurationPlatforms) = postSolution
		{EB5585EE-5D05-497A-8561-01263F9796B3}.Debug|Any CPU.ActiveCfg = Debug|Any CPU
		{EB5585EE-5D05-497A-8561-01263F9796B3}.Debug|Any CPU.Build.0 = Debug|Any CPU
		{EB5585EE-5D05-497A-8561-01263F9796B3}.Release|Any CPU.ActiveCfg = Release|Any CPU
		{EB5585EE-5D05-497A-8561-01263F9796B3}.Release|Any CPU.Build.0 = Release|Any CPU
		{16DAE53B-F032-431B-A9F7-D4D23DBAE10C}.Debug|Any CPU.ActiveCfg = Debug|Any CPU
		{16DAE53B-F032-431B-A9F7-D4D23DBAE10C}.Debug|Any CPU.Build.0 = Debug|Any CPU
		{16DAE53B-F032-431B-A9F7-D4D23DBAE10C}.Release|Any CPU.ActiveCfg = Release|Any CPU
		{16DAE53B-F032-431B-A9F7-D4D23DBAE10C}.Release|Any CPU.Build.0 = Release|Any CPU
		{E503477A-576C-4E58-9C47-7FB7784CCD27}.Debug|Any CPU.ActiveCfg = Debug|Any CPU
		{E503477A-576C-4E58-9C47-7FB7784CCD27}.Debug|Any CPU.Build.0 = Debug|Any CPU
		{E503477A-576C-4E58-9C47-7FB7784CCD27}.Release|Any CPU.ActiveCfg = Release|Any CPU
		{E503477A-576C-4E58-9C47-7FB7784CCD27}.Release|Any CPU.Build.0 = Release|Any CPU
		{D85F0C17-716F-4232-89D9-05FFBB7615ED}.Debug|Any CPU.ActiveCfg = Debug|Any CPU
		{D85F0C17-716F-4232-89D9-05FFBB7615ED}.Debug|Any CPU.Build.0 = Debug|Any CPU
		{D85F0C17-716F-4232-89D9-05FFBB7615ED}.Release|Any CPU.ActiveCfg = Release|Any CPU
		{D85F0C17-716F-4232-89D9-05FFBB7615ED}.Release|Any CPU.Build.0 = Release|Any CPU
		{0571506D-9EFF-4E16-B1C7-3D35B9DE01B8}.Debug|Any CPU.ActiveCfg = Debug|Any CPU
		{0571506D-9EFF-4E16-B1C7-3D35B9DE01B8}.Debug|Any CPU.Build.0 = Debug|Any CPU
		{0571506D-9EFF-4E16-B1C7-3D35B9DE01B8}.Release|Any CPU.ActiveCfg = Release|Any CPU
		{0571506D-9EFF-4E16-B1C7-3D35B9DE01B8}.Release|Any CPU.Build.0 = Release|Any CPU
		{EE5D4759-C207-474D-A8B2-9EA41D3B283A}.Debug|Any CPU.ActiveCfg = Debug|Any CPU
		{EE5D4759-C207-474D-A8B2-9EA41D3B283A}.Debug|Any CPU.Build.0 = Debug|Any CPU
		{EE5D4759-C207-474D-A8B2-9EA41D3B283A}.Release|Any CPU.ActiveCfg = Release|Any CPU
		{EE5D4759-C207-474D-A8B2-9EA41D3B283A}.Release|Any CPU.Build.0 = Release|Any CPU
		{7CB1F2B6-FB6E-4764-AD0D-DBBB55C70E5C}.Debug|Any CPU.ActiveCfg = Debug|Any CPU
		{7CB1F2B6-FB6E-4764-AD0D-DBBB55C70E5C}.Debug|Any CPU.Build.0 = Debug|Any CPU
		{7CB1F2B6-FB6E-4764-AD0D-DBBB55C70E5C}.Release|Any CPU.ActiveCfg = Release|Any CPU
		{7CB1F2B6-FB6E-4764-AD0D-DBBB55C70E5C}.Release|Any CPU.Build.0 = Release|Any CPU
		{CEABE240-1718-42AC-9A23-52ED1542339F}.Debug|Any CPU.ActiveCfg = Debug|Any CPU
		{CEABE240-1718-42AC-9A23-52ED1542339F}.Debug|Any CPU.Build.0 = Debug|Any CPU
		{CEABE240-1718-42AC-9A23-52ED1542339F}.Release|Any CPU.ActiveCfg = Release|Any CPU
		{CEABE240-1718-42AC-9A23-52ED1542339F}.Release|Any CPU.Build.0 = Release|Any CPU
	EndGlobalSection
	GlobalSection(SolutionProperties) = preSolution
		HideSolutionNode = FALSE
	EndGlobalSection
	GlobalSection(NestedProjects) = preSolution
		{8FECDBB3-B3C7-4503-86EC-5DE57C27F192} = {09576A29-CC3A-46A3-8C66-BD510DE661AC}
		{EB5585EE-5D05-497A-8561-01263F9796B3} = {8FECDBB3-B3C7-4503-86EC-5DE57C27F192}
		{16DAE53B-F032-431B-A9F7-D4D23DBAE10C} = {8FECDBB3-B3C7-4503-86EC-5DE57C27F192}
		{E503477A-576C-4E58-9C47-7FB7784CCD27} = {75FE23BB-46B3-41BF-8FAD-28017092A8FC}
		{D85F0C17-716F-4232-89D9-05FFBB7615ED} = {75FE23BB-46B3-41BF-8FAD-28017092A8FC}
		{0571506D-9EFF-4E16-B1C7-3D35B9DE01B8} = {09576A29-CC3A-46A3-8C66-BD510DE661AC}
		{34A77C9B-A2C6-467A-A849-CC63A72DC577} = {09576A29-CC3A-46A3-8C66-BD510DE661AC}
		{EE5D4759-C207-474D-A8B2-9EA41D3B283A} = {34A77C9B-A2C6-467A-A849-CC63A72DC577}
		{7CB1F2B6-FB6E-4764-AD0D-DBBB55C70E5C} = {34A77C9B-A2C6-467A-A849-CC63A72DC577}
		{12C025D8-6737-4B40-AC01-2FABBA198A9B} = {09576A29-CC3A-46A3-8C66-BD510DE661AC}
		{CEABE240-1718-42AC-9A23-52ED1542339F} = {12C025D8-6737-4B40-AC01-2FABBA198A9B}
	EndGlobalSection
	GlobalSection(ExtensibilityGlobals) = postSolution
		SolutionGuid = {3C22314C-F5FC-4FDA-B06F-F057E2FED737}
	EndGlobalSection
EndGlobal
